{
  "name": "ngx-aaa-datepicker",
  "version": "0.0.2",
  "lockfileVersion": 1,
  "requires": true,
  "dependencies": {
    "ngx-animating-datepicker": {
      "version": "1.2.0",
      "resolved": "https://registry.npmjs.org/ngx-animating-datepicker/-/ngx-animating-datepicker-1.2.0.tgz",
      "integrity": "sha512-IUJ5uklOAMgAyTvWDQnUAKNtg4g06Zwno98Ibc9z5QmIpecLF6fNgC35pBU1muN3/FsUWIqSmXc+eo2x9enSTw==",
      "requires": {
        "tslib": "1.9.3"
      }
    },
    "tslib": {
      "version": "1.9.3",
      "resolved": "https://registry.npmjs.org/tslib/-/tslib-1.9.3.tgz",
      "integrity": "sha512-4krF8scpejhaOgqzBEcGM7yDIEfi0/8+8zDRZhNZZ2kjmHJ4hv3zCbQWxoJGz1iw5U0Jl0nma13xzHXcncMavQ=="
    }
  }
}
